{
  "object": {
    "pins": [
      {
        "package": "LocaleSupport",
        "repositoryURL": "https://github.com/richardpiazza/LocaleSupport.git",
        "state": {
          "branch": null,
          "revision": "249bf91236b05239b8d05aefa9b016b4d5aafbee",
          "version": "0.8.2"
        }
      }
    ]
  },
  "version": 1
}
