{
  "object": {
    "pins": [
      {
        "package": "LocaleSupport",
        "repositoryURL": "https://github.com/richardpiazza/LocaleSupport.git",
        "state": {
          "branch": null,
          "revision": "ad3a3554e5635340e2fcf4cfc1434dfe729d526f",
          "version": "0.1.0"
        }
      }
    ]
  },
  "version": 1
}
