{
  "object": {
    "pins": [
      {
        "package": "LocaleSupport",
        "repositoryURL": "https://github.com/richardpiazza/LocaleSupport.git",
        "state": {
          "branch": null,
          "revision": "fafb099846e906731cd4ec6a1e1e358274c52a91",
          "version": "0.4.3"
        }
      }
    ]
  },
  "version": 1
}
